
Microsoft Visual Studio Solution File, Format Version 12.00
# Visual Studio 14
VisualStudioVersion = 14.0.25123.0
MinimumVisualStudioVersion = 10.0.40219.1
Project("{FAE04EC0-301F-11D3-BF4B-00C04F79EFBC}") = "RideShare.Droid", "RideShare\RideShare.Droid\RideShare.Droid.csproj", "{BA1B51D7-3E72-4025-834F-400A937AFDEE}"
EndProject
Project("{FAE04EC0-301F-11D3-BF4B-00C04F79EFBC}") = "RideShare.iOS", "RideShare\RideShare.iOS\RideShare.iOS.csproj", "{56A29EA9-A89B-4A49-820E-0180531C12BF}"
EndProject
Project("{FAE04EC0-301F-11D3-BF4B-00C04F79EFBC}") = "RideShare.WinPhone", "RideShare\RideShare.WinPhone\RideShare.WinPhone.csproj", "{A6D8F657-D82F-46D5-ABB0-BFDAAA06B4F9}"
EndProject
Project("{FAE04EC0-301F-11D3-BF4B-00C04F79EFBC}") = "RideShare.UWP", "RideShare\RideShare.UWP\RideShare.UWP.csproj", "{54D0228E-01FD-4D19-9678-A6DDFF52E8C5}"
EndProject
Project("{FAE04EC0-301F-11D3-BF4B-00C04F79EFBC}") = "RideShare.Windows", "RideShare\RideShare.Windows\RideShare.Windows.csproj", "{463D46D3-DCB7-47DF-9B0F-15442803241F}"
EndProject
Project("{FAE04EC0-301F-11D3-BF4B-00C04F79EFBC}") = "RideShare", "RideShare\RideShare\RideShare.csproj", "{813113E8-363F-46BA-A9EC-C04997E30AB7}"
EndProject
Global
	GlobalSection(SolutionConfigurationPlatforms) = preSolution
		Ad-Hoc|Any CPU = Ad-Hoc|Any CPU
		Ad-Hoc|ARM = Ad-Hoc|ARM
		Ad-Hoc|iPhone = Ad-Hoc|iPhone
		Ad-Hoc|iPhoneSimulator = Ad-Hoc|iPhoneSimulator
		Ad-Hoc|x64 = Ad-Hoc|x64
		Ad-Hoc|x86 = Ad-Hoc|x86
		AppStore|Any CPU = AppStore|Any CPU
		AppStore|ARM = AppStore|ARM
		AppStore|iPhone = AppStore|iPhone
		AppStore|iPhoneSimulator = AppStore|iPhoneSimulator
		AppStore|x64 = AppStore|x64
		AppStore|x86 = AppStore|x86
		Debug|Any CPU = Debug|Any CPU
		Debug|ARM = Debug|ARM
		Debug|iPhone = Debug|iPhone
		Debug|iPhoneSimulator = Debug|iPhoneSimulator
		Debug|x64 = Debug|x64
		Debug|x86 = Debug|x86
		Release|Any CPU = Release|Any CPU
		Release|ARM = Release|ARM
		Release|iPhone = Release|iPhone
		Release|iPhoneSimulator = Release|iPhoneSimulator
		Release|x64 = Release|x64
		Release|x86 = Release|x86
	EndGlobalSection
	GlobalSection(ProjectConfigurationPlatforms) = postSolution
		{BA1B51D7-3E72-4025-834F-400A937AFDEE}.Ad-Hoc|Any CPU.ActiveCfg = Release|Any CPU
		{BA1B51D7-3E72-4025-834F-400A937AFDEE}.Ad-Hoc|Any CPU.Build.0 = Release|Any CPU
		{BA1B51D7-3E72-4025-834F-400A937AFDEE}.Ad-Hoc|Any CPU.Deploy.0 = Release|Any CPU
		{BA1B51D7-3E72-4025-834F-400A937AFDEE}.Ad-Hoc|ARM.ActiveCfg = Release|Any CPU
		{BA1B51D7-3E72-4025-834F-400A937AFDEE}.Ad-Hoc|ARM.Build.0 = Release|Any CPU
		{BA1B51D7-3E72-4025-834F-400A937AFDEE}.Ad-Hoc|ARM.Deploy.0 = Release|Any CPU
		{BA1B51D7-3E72-4025-834F-400A937AFDEE}.Ad-Hoc|iPhone.ActiveCfg = Release|Any CPU
		{BA1B51D7-3E72-4025-834F-400A937AFDEE}.Ad-Hoc|iPhone.Build.0 = Release|Any CPU
		{BA1B51D7-3E72-4025-834F-400A937AFDEE}.Ad-Hoc|iPhone.Deploy.0 = Release|Any CPU
		{BA1B51D7-3E72-4025-834F-400A937AFDEE}.Ad-Hoc|iPhoneSimulator.ActiveCfg = Release|Any CPU
		{BA1B51D7-3E72-4025-834F-400A937AFDEE}.Ad-Hoc|iPhoneSimulator.Build.0 = Release|Any CPU
		{BA1B51D7-3E72-4025-834F-400A937AFDEE}.Ad-Hoc|iPhoneSimulator.Deploy.0 = Release|Any CPU
		{BA1B51D7-3E72-4025-834F-400A937AFDEE}.Ad-Hoc|x64.ActiveCfg = Release|Any CPU
		{BA1B51D7-3E72-4025-834F-400A937AFDEE}.Ad-Hoc|x64.Build.0 = Release|Any CPU
		{BA1B51D7-3E72-4025-834F-400A937AFDEE}.Ad-Hoc|x64.Deploy.0 = Release|Any CPU
		{BA1B51D7-3E72-4025-834F-400A937AFDEE}.Ad-Hoc|x86.ActiveCfg = Release|Any CPU
		{BA1B51D7-3E72-4025-834F-400A937AFDEE}.Ad-Hoc|x86.Build.0 = Release|Any CPU
		{BA1B51D7-3E72-4025-834F-400A937AFDEE}.Ad-Hoc|x86.Deploy.0 = Release|Any CPU
		{BA1B51D7-3E72-4025-834F-400A937AFDEE}.AppStore|Any CPU.ActiveCfg = Release|Any CPU
		{BA1B51D7-3E72-4025-834F-400A937AFDEE}.AppStore|Any CPU.Build.0 = Release|Any CPU
		{BA1B51D7-3E72-4025-834F-400A937AFDEE}.AppStore|Any CPU.Deploy.0 = Release|Any CPU
		{BA1B51D7-3E72-4025-834F-400A937AFDEE}.AppStore|ARM.ActiveCfg = Release|Any CPU
		{BA1B51D7-3E72-4025-834F-400A937AFDEE}.AppStore|ARM.Build.0 = Release|Any CPU
		{BA1B51D7-3E72-4025-834F-400A937AFDEE}.AppStore|ARM.Deploy.0 = Release|Any CPU
		{BA1B51D7-3E72-4025-834F-400A937AFDEE}.AppStore|iPhone.ActiveCfg = Release|Any CPU
		{BA1B51D7-3E72-4025-834F-400A937AFDEE}.AppStore|iPhone.Build.0 = Release|Any CPU
		{BA1B51D7-3E72-4025-834F-400A937AFDEE}.AppStore|iPhone.Deploy.0 = Release|Any CPU
		{BA1B51D7-3E72-4025-834F-400A937AFDEE}.AppStore|iPhoneSimulator.ActiveCfg = Release|Any CPU
		{BA1B51D7-3E72-4025-834F-400A937AFDEE}.AppStore|iPhoneSimulator.Build.0 = Release|Any CPU
		{BA1B51D7-3E72-4025-834F-400A937AFDEE}.AppStore|iPhoneSimulator.Deploy.0 = Release|Any CPU
		{BA1B51D7-3E72-4025-834F-400A937AFDEE}.AppStore|x64.ActiveCfg = Release|Any CPU
		{BA1B51D7-3E72-4025-834F-400A937AFDEE}.AppStore|x64.Build.0 = Release|Any CPU
		{BA1B51D7-3E72-4025-834F-400A937AFDEE}.AppStore|x64.Deploy.0 = Release|Any CPU
		{BA1B51D7-3E72-4025-834F-400A937AFDEE}.AppStore|x86.ActiveCfg = Release|Any CPU
		{BA1B51D7-3E72-4025-834F-400A937AFDEE}.AppStore|x86.Build.0 = Release|Any CPU
		{BA1B51D7-3E72-4025-834F-400A937AFDEE}.AppStore|x86.Deploy.0 = Release|Any CPU
		{BA1B51D7-3E72-4025-834F-400A937AFDEE}.Debug|Any CPU.ActiveCfg = Debug|Any CPU
		{BA1B51D7-3E72-4025-834F-400A937AFDEE}.Debug|Any CPU.Build.0 = Debug|Any CPU
		{BA1B51D7-3E72-4025-834F-400A937AFDEE}.Debug|Any CPU.Deploy.0 = Debug|Any CPU
		{BA1B51D7-3E72-4025-834F-400A937AFDEE}.Debug|ARM.ActiveCfg = Debug|Any CPU
		{BA1B51D7-3E72-4025-834F-400A937AFDEE}.Debug|ARM.Build.0 = Debug|Any CPU
		{BA1B51D7-3E72-4025-834F-400A937AFDEE}.Debug|ARM.Deploy.0 = Debug|Any CPU
		{BA1B51D7-3E72-4025-834F-400A937AFDEE}.Debug|iPhone.ActiveCfg = Debug|Any CPU
		{BA1B51D7-3E72-4025-834F-400A937AFDEE}.Debug|iPhone.Build.0 = Debug|Any CPU
		{BA1B51D7-3E72-4025-834F-400A937AFDEE}.Debug|iPhone.Deploy.0 = Debug|Any CPU
		{BA1B51D7-3E72-4025-834F-400A937AFDEE}.Debug|iPhoneSimulator.ActiveCfg = Debug|Any CPU
		{BA1B51D7-3E72-4025-834F-400A937AFDEE}.Debug|iPhoneSimulator.Build.0 = Debug|Any CPU
		{BA1B51D7-3E72-4025-834F-400A937AFDEE}.Debug|iPhoneSimulator.Deploy.0 = Debug|Any CPU
		{BA1B51D7-3E72-4025-834F-400A937AFDEE}.Debug|x64.ActiveCfg = Debug|Any CPU
		{BA1B51D7-3E72-4025-834F-400A937AFDEE}.Debug|x64.Build.0 = Debug|Any CPU
		{BA1B51D7-3E72-4025-834F-400A937AFDEE}.Debug|x64.Deploy.0 = Debug|Any CPU
		{BA1B51D7-3E72-4025-834F-400A937AFDEE}.Debug|x86.ActiveCfg = Debug|Any CPU
		{BA1B51D7-3E72-4025-834F-400A937AFDEE}.Debug|x86.Build.0 = Debug|Any CPU
		{BA1B51D7-3E72-4025-834F-400A937AFDEE}.Debug|x86.Deploy.0 = Debug|Any CPU
		{BA1B51D7-3E72-4025-834F-400A937AFDEE}.Release|Any CPU.ActiveCfg = Release|Any CPU
		{BA1B51D7-3E72-4025-834F-400A937AFDEE}.Release|Any CPU.Build.0 = Release|Any CPU
		{BA1B51D7-3E72-4025-834F-400A937AFDEE}.Release|Any CPU.Deploy.0 = Release|Any CPU
		{BA1B51D7-3E72-4025-834F-400A937AFDEE}.Release|ARM.ActiveCfg = Release|Any CPU
		{BA1B51D7-3E72-4025-834F-400A937AFDEE}.Release|ARM.Build.0 = Release|Any CPU
		{BA1B51D7-3E72-4025-834F-400A937AFDEE}.Release|ARM.Deploy.0 = Release|Any CPU
		{BA1B51D7-3E72-4025-834F-400A937AFDEE}.Release|iPhone.ActiveCfg = Release|Any CPU
		{BA1B51D7-3E72-4025-834F-400A937AFDEE}.Release|iPhone.Build.0 = Release|Any CPU
		{BA1B51D7-3E72-4025-834F-400A937AFDEE}.Release|iPhone.Deploy.0 = Release|Any CPU
		{BA1B51D7-3E72-4025-834F-400A937AFDEE}.Release|iPhoneSimulator.ActiveCfg = Release|Any CPU
		{BA1B51D7-3E72-4025-834F-400A937AFDEE}.Release|iPhoneSimulator.Build.0 = Release|Any CPU
		{BA1B51D7-3E72-4025-834F-400A937AFDEE}.Release|iPhoneSimulator.Deploy.0 = Release|Any CPU
		{BA1B51D7-3E72-4025-834F-400A937AFDEE}.Release|x64.ActiveCfg = Release|Any CPU
		{BA1B51D7-3E72-4025-834F-400A937AFDEE}.Release|x64.Build.0 = Release|Any CPU
		{BA1B51D7-3E72-4025-834F-400A937AFDEE}.Release|x64.Deploy.0 = Release|Any CPU
		{BA1B51D7-3E72-4025-834F-400A937AFDEE}.Release|x86.ActiveCfg = Release|Any CPU
		{BA1B51D7-3E72-4025-834F-400A937AFDEE}.Release|x86.Build.0 = Release|Any CPU
		{BA1B51D7-3E72-4025-834F-400A937AFDEE}.Release|x86.Deploy.0 = Release|Any CPU
		{56A29EA9-A89B-4A49-820E-0180531C12BF}.Ad-Hoc|Any CPU.ActiveCfg = Ad-Hoc|iPhone
		{56A29EA9-A89B-4A49-820E-0180531C12BF}.Ad-Hoc|ARM.ActiveCfg = Ad-Hoc|iPhone
		{56A29EA9-A89B-4A49-820E-0180531C12BF}.Ad-Hoc|iPhone.ActiveCfg = Ad-Hoc|iPhone
		{56A29EA9-A89B-4A49-820E-0180531C12BF}.Ad-Hoc|iPhone.Build.0 = Ad-Hoc|iPhone
		{56A29EA9-A89B-4A49-820E-0180531C12BF}.Ad-Hoc|iPhoneSimulator.ActiveCfg = Ad-Hoc|iPhoneSimulator
		{56A29EA9-A89B-4A49-820E-0180531C12BF}.Ad-Hoc|iPhoneSimulator.Build.0 = Ad-Hoc|iPhoneSimulator
		{56A29EA9-A89B-4A49-820E-0180531C12BF}.Ad-Hoc|x64.ActiveCfg = Ad-Hoc|iPhone
		{56A29EA9-A89B-4A49-820E-0180531C12BF}.Ad-Hoc|x86.ActiveCfg = Ad-Hoc|iPhone
		{56A29EA9-A89B-4A49-820E-0180531C12BF}.AppStore|Any CPU.ActiveCfg = AppStore|iPhone
		{56A29EA9-A89B-4A49-820E-0180531C12BF}.AppStore|ARM.ActiveCfg = AppStore|iPhone
		{56A29EA9-A89B-4A49-820E-0180531C12BF}.AppStore|iPhone.ActiveCfg = AppStore|iPhone
		{56A29EA9-A89B-4A49-820E-0180531C12BF}.AppStore|iPhone.Build.0 = AppStore|iPhone
		{56A29EA9-A89B-4A49-820E-0180531C12BF}.AppStore|iPhoneSimulator.ActiveCfg = AppStore|iPhoneSimulator
		{56A29EA9-A89B-4A49-820E-0180531C12BF}.AppStore|iPhoneSimulator.Build.0 = AppStore|iPhoneSimulator
		{56A29EA9-A89B-4A49-820E-0180531C12BF}.AppStore|x64.ActiveCfg = AppStore|iPhone
		{56A29EA9-A89B-4A49-820E-0180531C12BF}.AppStore|x86.ActiveCfg = AppStore|iPhone
		{56A29EA9-A89B-4A49-820E-0180531C12BF}.Debug|Any CPU.ActiveCfg = Debug|iPhone
		{56A29EA9-A89B-4A49-820E-0180531C12BF}.Debug|ARM.ActiveCfg = Debug|iPhone
		{56A29EA9-A89B-4A49-820E-0180531C12BF}.Debug|iPhone.ActiveCfg = Debug|iPhone
		{56A29EA9-A89B-4A49-820E-0180531C12BF}.Debug|iPhone.Build.0 = Debug|iPhone
		{56A29EA9-A89B-4A49-820E-0180531C12BF}.Debug|iPhoneSimulator.ActiveCfg = Debug|iPhoneSimulator
		{56A29EA9-A89B-4A49-820E-0180531C12BF}.Debug|iPhoneSimulator.Build.0 = Debug|iPhoneSimulator
		{56A29EA9-A89B-4A49-820E-0180531C12BF}.Debug|x64.ActiveCfg = Debug|iPhone
		{56A29EA9-A89B-4A49-820E-0180531C12BF}.Debug|x86.ActiveCfg = Debug|iPhone
		{56A29EA9-A89B-4A49-820E-0180531C12BF}.Release|Any CPU.ActiveCfg = Release|iPhone
		{56A29EA9-A89B-4A49-820E-0180531C12BF}.Release|ARM.ActiveCfg = Release|iPhone
		{56A29EA9-A89B-4A49-820E-0180531C12BF}.Release|iPhone.ActiveCfg = Release|iPhone
		{56A29EA9-A89B-4A49-820E-0180531C12BF}.Release|iPhone.Build.0 = Release|iPhone
		{56A29EA9-A89B-4A49-820E-0180531C12BF}.Release|iPhoneSimulator.ActiveCfg = Release|iPhoneSimulator
		{56A29EA9-A89B-4A49-820E-0180531C12BF}.Release|iPhoneSimulator.Build.0 = Release|iPhoneSimulator
		{56A29EA9-A89B-4A49-820E-0180531C12BF}.Release|x64.ActiveCfg = Release|iPhone
		{56A29EA9-A89B-4A49-820E-0180531C12BF}.Release|x86.ActiveCfg = Release|iPhone
		{A6D8F657-D82F-46D5-ABB0-BFDAAA06B4F9}.Ad-Hoc|Any CPU.ActiveCfg = Release|Any CPU
		{A6D8F657-D82F-46D5-ABB0-BFDAAA06B4F9}.Ad-Hoc|Any CPU.Build.0 = Release|Any CPU
		{A6D8F657-D82F-46D5-ABB0-BFDAAA06B4F9}.Ad-Hoc|Any CPU.Deploy.0 = Release|Any CPU
		{A6D8F657-D82F-46D5-ABB0-BFDAAA06B4F9}.Ad-Hoc|ARM.ActiveCfg = Release|ARM
		{A6D8F657-D82F-46D5-ABB0-BFDAAA06B4F9}.Ad-Hoc|ARM.Build.0 = Release|ARM
		{A6D8F657-D82F-46D5-ABB0-BFDAAA06B4F9}.Ad-Hoc|ARM.Deploy.0 = Release|ARM
		{A6D8F657-D82F-46D5-ABB0-BFDAAA06B4F9}.Ad-Hoc|iPhone.ActiveCfg = Release|Any CPU
		{A6D8F657-D82F-46D5-ABB0-BFDAAA06B4F9}.Ad-Hoc|iPhone.Build.0 = Release|Any CPU
		{A6D8F657-D82F-46D5-ABB0-BFDAAA06B4F9}.Ad-Hoc|iPhone.Deploy.0 = Release|Any CPU
		{A6D8F657-D82F-46D5-ABB0-BFDAAA06B4F9}.Ad-Hoc|iPhoneSimulator.ActiveCfg = Release|Any CPU
		{A6D8F657-D82F-46D5-ABB0-BFDAAA06B4F9}.Ad-Hoc|iPhoneSimulator.Build.0 = Release|Any CPU
		{A6D8F657-D82F-46D5-ABB0-BFDAAA06B4F9}.Ad-Hoc|iPhoneSimulator.Deploy.0 = Release|Any CPU
		{A6D8F657-D82F-46D5-ABB0-BFDAAA06B4F9}.Ad-Hoc|x64.ActiveCfg = Release|Any CPU
		{A6D8F657-D82F-46D5-ABB0-BFDAAA06B4F9}.Ad-Hoc|x64.Build.0 = Release|Any CPU
		{A6D8F657-D82F-46D5-ABB0-BFDAAA06B4F9}.Ad-Hoc|x64.Deploy.0 = Release|Any CPU
		{A6D8F657-D82F-46D5-ABB0-BFDAAA06B4F9}.Ad-Hoc|x86.ActiveCfg = Release|x86
		{A6D8F657-D82F-46D5-ABB0-BFDAAA06B4F9}.Ad-Hoc|x86.Build.0 = Release|x86
		{A6D8F657-D82F-46D5-ABB0-BFDAAA06B4F9}.Ad-Hoc|x86.Deploy.0 = Release|x86
		{A6D8F657-D82F-46D5-ABB0-BFDAAA06B4F9}.AppStore|Any CPU.ActiveCfg = Release|Any CPU
		{A6D8F657-D82F-46D5-ABB0-BFDAAA06B4F9}.AppStore|Any CPU.Build.0 = Release|Any CPU
		{A6D8F657-D82F-46D5-ABB0-BFDAAA06B4F9}.AppStore|Any CPU.Deploy.0 = Release|Any CPU
		{A6D8F657-D82F-46D5-ABB0-BFDAAA06B4F9}.AppStore|ARM.ActiveCfg = Release|ARM
		{A6D8F657-D82F-46D5-ABB0-BFDAAA06B4F9}.AppStore|ARM.Build.0 = Release|ARM
		{A6D8F657-D82F-46D5-ABB0-BFDAAA06B4F9}.AppStore|ARM.Deploy.0 = Release|ARM
		{A6D8F657-D82F-46D5-ABB0-BFDAAA06B4F9}.AppStore|iPhone.ActiveCfg = Release|Any CPU
		{A6D8F657-D82F-46D5-ABB0-BFDAAA06B4F9}.AppStore|iPhone.Build.0 = Release|Any CPU
		{A6D8F657-D82F-46D5-ABB0-BFDAAA06B4F9}.AppStore|iPhone.Deploy.0 = Release|Any CPU
		{A6D8F657-D82F-46D5-ABB0-BFDAAA06B4F9}.AppStore|iPhoneSimulator.ActiveCfg = Release|Any CPU
		{A6D8F657-D82F-46D5-ABB0-BFDAAA06B4F9}.AppStore|iPhoneSimulator.Build.0 = Release|Any CPU
		{A6D8F657-D82F-46D5-ABB0-BFDAAA06B4F9}.AppStore|iPhoneSimulator.Deploy.0 = Release|Any CPU
		{A6D8F657-D82F-46D5-ABB0-BFDAAA06B4F9}.AppStore|x64.ActiveCfg = Release|Any CPU
		{A6D8F657-D82F-46D5-ABB0-BFDAAA06B4F9}.AppStore|x64.Build.0 = Release|Any CPU
		{A6D8F657-D82F-46D5-ABB0-BFDAAA06B4F9}.AppStore|x64.Deploy.0 = Release|Any CPU
		{A6D8F657-D82F-46D5-ABB0-BFDAAA06B4F9}.AppStore|x86.ActiveCfg = Release|x86
		{A6D8F657-D82F-46D5-ABB0-BFDAAA06B4F9}.AppStore|x86.Build.0 = Release|x86
		{A6D8F657-D82F-46D5-ABB0-BFDAAA06B4F9}.AppStore|x86.Deploy.0 = Release|x86
		{A6D8F657-D82F-46D5-ABB0-BFDAAA06B4F9}.Debug|Any CPU.ActiveCfg = Debug|Any CPU
		{A6D8F657-D82F-46D5-ABB0-BFDAAA06B4F9}.Debug|Any CPU.Build.0 = Debug|Any CPU
		{A6D8F657-D82F-46D5-ABB0-BFDAAA06B4F9}.Debug|Any CPU.Deploy.0 = Debug|Any CPU
		{A6D8F657-D82F-46D5-ABB0-BFDAAA06B4F9}.Debug|ARM.ActiveCfg = Debug|ARM
		{A6D8F657-D82F-46D5-ABB0-BFDAAA06B4F9}.Debug|ARM.Build.0 = Debug|ARM
		{A6D8F657-D82F-46D5-ABB0-BFDAAA06B4F9}.Debug|ARM.Deploy.0 = Debug|ARM
		{A6D8F657-D82F-46D5-ABB0-BFDAAA06B4F9}.Debug|iPhone.ActiveCfg = Debug|Any CPU
		{A6D8F657-D82F-46D5-ABB0-BFDAAA06B4F9}.Debug|iPhone.Build.0 = Debug|Any CPU
		{A6D8F657-D82F-46D5-ABB0-BFDAAA06B4F9}.Debug|iPhone.Deploy.0 = Debug|Any CPU
		{A6D8F657-D82F-46D5-ABB0-BFDAAA06B4F9}.Debug|iPhoneSimulator.ActiveCfg = Debug|Any CPU
		{A6D8F657-D82F-46D5-ABB0-BFDAAA06B4F9}.Debug|iPhoneSimulator.Build.0 = Debug|Any CPU
		{A6D8F657-D82F-46D5-ABB0-BFDAAA06B4F9}.Debug|iPhoneSimulator.Deploy.0 = Debug|Any CPU
		{A6D8F657-D82F-46D5-ABB0-BFDAAA06B4F9}.Debug|x64.ActiveCfg = Debug|Any CPU
		{A6D8F657-D82F-46D5-ABB0-BFDAAA06B4F9}.Debug|x64.Build.0 = Debug|Any CPU
		{A6D8F657-D82F-46D5-ABB0-BFDAAA06B4F9}.Debug|x64.Deploy.0 = Debug|Any CPU
		{A6D8F657-D82F-46D5-ABB0-BFDAAA06B4F9}.Debug|x86.ActiveCfg = Debug|x86
		{A6D8F657-D82F-46D5-ABB0-BFDAAA06B4F9}.Debug|x86.Build.0 = Debug|x86
		{A6D8F657-D82F-46D5-ABB0-BFDAAA06B4F9}.Debug|x86.Deploy.0 = Debug|x86
		{A6D8F657-D82F-46D5-ABB0-BFDAAA06B4F9}.Release|Any CPU.ActiveCfg = Release|Any CPU
		{A6D8F657-D82F-46D5-ABB0-BFDAAA06B4F9}.Release|Any CPU.Build.0 = Release|Any CPU
		{A6D8F657-D82F-46D5-ABB0-BFDAAA06B4F9}.Release|Any CPU.Deploy.0 = Release|Any CPU
		{A6D8F657-D82F-46D5-ABB0-BFDAAA06B4F9}.Release|ARM.ActiveCfg = Release|ARM
		{A6D8F657-D82F-46D5-ABB0-BFDAAA06B4F9}.Release|ARM.Build.0 = Release|ARM
		{A6D8F657-D82F-46D5-ABB0-BFDAAA06B4F9}.Release|ARM.Deploy.0 = Release|ARM
		{A6D8F657-D82F-46D5-ABB0-BFDAAA06B4F9}.Release|iPhone.ActiveCfg = Release|Any CPU
		{A6D8F657-D82F-46D5-ABB0-BFDAAA06B4F9}.Release|iPhone.Build.0 = Release|Any CPU
		{A6D8F657-D82F-46D5-ABB0-BFDAAA06B4F9}.Release|iPhone.Deploy.0 = Release|Any CPU
		{A6D8F657-D82F-46D5-ABB0-BFDAAA06B4F9}.Release|iPhoneSimulator.ActiveCfg = Release|Any CPU
		{A6D8F657-D82F-46D5-ABB0-BFDAAA06B4F9}.Release|iPhoneSimulator.Build.0 = Release|Any CPU
		{A6D8F657-D82F-46D5-ABB0-BFDAAA06B4F9}.Release|iPhoneSimulator.Deploy.0 = Release|Any CPU
		{A6D8F657-D82F-46D5-ABB0-BFDAAA06B4F9}.Release|x64.ActiveCfg = Release|Any CPU
		{A6D8F657-D82F-46D5-ABB0-BFDAAA06B4F9}.Release|x64.Build.0 = Release|Any CPU
		{A6D8F657-D82F-46D5-ABB0-BFDAAA06B4F9}.Release|x64.Deploy.0 = Release|Any CPU
		{A6D8F657-D82F-46D5-ABB0-BFDAAA06B4F9}.Release|x86.ActiveCfg = Release|x86
		{A6D8F657-D82F-46D5-ABB0-BFDAAA06B4F9}.Release|x86.Build.0 = Release|x86
		{A6D8F657-D82F-46D5-ABB0-BFDAAA06B4F9}.Release|x86.Deploy.0 = Release|x86
		{54D0228E-01FD-4D19-9678-A6DDFF52E8C5}.Ad-Hoc|Any CPU.ActiveCfg = Release|x86
		{54D0228E-01FD-4D19-9678-A6DDFF52E8C5}.Ad-Hoc|Any CPU.Build.0 = Release|x86
		{54D0228E-01FD-4D19-9678-A6DDFF52E8C5}.Ad-Hoc|Any CPU.Deploy.0 = Release|x86
		{54D0228E-01FD-4D19-9678-A6DDFF52E8C5}.Ad-Hoc|ARM.ActiveCfg = Release|ARM
		{54D0228E-01FD-4D19-9678-A6DDFF52E8C5}.Ad-Hoc|ARM.Build.0 = Release|ARM
		{54D0228E-01FD-4D19-9678-A6DDFF52E8C5}.Ad-Hoc|ARM.Deploy.0 = Release|ARM
		{54D0228E-01FD-4D19-9678-A6DDFF52E8C5}.Ad-Hoc|iPhone.ActiveCfg = Release|x86
		{54D0228E-01FD-4D19-9678-A6DDFF52E8C5}.Ad-Hoc|iPhone.Build.0 = Release|x86
		{54D0228E-01FD-4D19-9678-A6DDFF52E8C5}.Ad-Hoc|iPhone.Deploy.0 = Release|x86
		{54D0228E-01FD-4D19-9678-A6DDFF52E8C5}.Ad-Hoc|iPhoneSimulator.ActiveCfg = Release|x86
		{54D0228E-01FD-4D19-9678-A6DDFF52E8C5}.Ad-Hoc|iPhoneSimulator.Build.0 = Release|x86
		{54D0228E-01FD-4D19-9678-A6DDFF52E8C5}.Ad-Hoc|iPhoneSimulator.Deploy.0 = Release|x86
		{54D0228E-01FD-4D19-9678-A6DDFF52E8C5}.Ad-Hoc|x64.ActiveCfg = Release|x64
		{54D0228E-01FD-4D19-9678-A6DDFF52E8C5}.Ad-Hoc|x64.Build.0 = Release|x64
		{54D0228E-01FD-4D19-9678-A6DDFF52E8C5}.Ad-Hoc|x64.Deploy.0 = Release|x64
		{54D0228E-01FD-4D19-9678-A6DDFF52E8C5}.Ad-Hoc|x86.ActiveCfg = Release|x86
		{54D0228E-01FD-4D19-9678-A6DDFF52E8C5}.Ad-Hoc|x86.Build.0 = Release|x86
		{54D0228E-01FD-4D19-9678-A6DDFF52E8C5}.Ad-Hoc|x86.Deploy.0 = Release|x86
		{54D0228E-01FD-4D19-9678-A6DDFF52E8C5}.AppStore|Any CPU.ActiveCfg = Release|x86
		{54D0228E-01FD-4D19-9678-A6DDFF52E8C5}.AppStore|Any CPU.Build.0 = Release|x86
		{54D0228E-01FD-4D19-9678-A6DDFF52E8C5}.AppStore|Any CPU.Deploy.0 = Release|x86
		{54D0228E-01FD-4D19-9678-A6DDFF52E8C5}.AppStore|ARM.ActiveCfg = Release|ARM
		{54D0228E-01FD-4D19-9678-A6DDFF52E8C5}.AppStore|ARM.Build.0 = Release|ARM
		{54D0228E-01FD-4D19-9678-A6DDFF52E8C5}.AppStore|ARM.Deploy.0 = Release|ARM
		{54D0228E-01FD-4D19-9678-A6DDFF52E8C5}.AppStore|iPhone.ActiveCfg = Release|x86
		{54D0228E-01FD-4D19-9678-A6DDFF52E8C5}.AppStore|iPhone.Build.0 = Release|x86
		{54D0228E-01FD-4D19-9678-A6DDFF52E8C5}.AppStore|iPhone.Deploy.0 = Release|x86
		{54D0228E-01FD-4D19-9678-A6DDFF52E8C5}.AppStore|iPhoneSimulator.ActiveCfg = Release|x86
		{54D0228E-01FD-4D19-9678-A6DDFF52E8C5}.AppStore|iPhoneSimulator.Build.0 = Release|x86
		{54D0228E-01FD-4D19-9678-A6DDFF52E8C5}.AppStore|iPhoneSimulator.Deploy.0 = Release|x86
		{54D0228E-01FD-4D19-9678-A6DDFF52E8C5}.AppStore|x64.ActiveCfg = Release|x64
		{54D0228E-01FD-4D19-9678-A6DDFF52E8C5}.AppStore|x64.Build.0 = Release|x64
		{54D0228E-01FD-4D19-9678-A6DDFF52E8C5}.AppStore|x64.Deploy.0 = Release|x64
		{54D0228E-01FD-4D19-9678-A6DDFF52E8C5}.AppStore|x86.ActiveCfg = Release|x86
		{54D0228E-01FD-4D19-9678-A6DDFF52E8C5}.AppStore|x86.Build.0 = Release|x86
		{54D0228E-01FD-4D19-9678-A6DDFF52E8C5}.AppStore|x86.Deploy.0 = Release|x86
		{54D0228E-01FD-4D19-9678-A6DDFF52E8C5}.Debug|Any CPU.ActiveCfg = Debug|x86
		{54D0228E-01FD-4D19-9678-A6DDFF52E8C5}.Debug|ARM.ActiveCfg = Debug|ARM
		{54D0228E-01FD-4D19-9678-A6DDFF52E8C5}.Debug|ARM.Build.0 = Debug|ARM
		{54D0228E-01FD-4D19-9678-A6DDFF52E8C5}.Debug|ARM.Deploy.0 = Debug|ARM
		{54D0228E-01FD-4D19-9678-A6DDFF52E8C5}.Debug|iPhone.ActiveCfg = Debug|x86
		{54D0228E-01FD-4D19-9678-A6DDFF52E8C5}.Debug|iPhoneSimulator.ActiveCfg = Debug|x86
		{54D0228E-01FD-4D19-9678-A6DDFF52E8C5}.Debug|x64.ActiveCfg = Debug|x64
		{54D0228E-01FD-4D19-9678-A6DDFF52E8C5}.Debug|x64.Build.0 = Debug|x64
		{54D0228E-01FD-4D19-9678-A6DDFF52E8C5}.Debug|x64.Deploy.0 = Debug|x64
		{54D0228E-01FD-4D19-9678-A6DDFF52E8C5}.Debug|x86.ActiveCfg = Debug|x86
		{54D0228E-01FD-4D19-9678-A6DDFF52E8C5}.Debug|x86.Build.0 = Debug|x86
		{54D0228E-01FD-4D19-9678-A6DDFF52E8C5}.Debug|x86.Deploy.0 = Debug|x86
		{54D0228E-01FD-4D19-9678-A6DDFF52E8C5}.Release|Any CPU.ActiveCfg = Release|x86
		{54D0228E-01FD-4D19-9678-A6DDFF52E8C5}.Release|ARM.ActiveCfg = Release|ARM
		{54D0228E-01FD-4D19-9678-A6DDFF52E8C5}.Release|ARM.Build.0 = Release|ARM
		{54D0228E-01FD-4D19-9678-A6DDFF52E8C5}.Release|ARM.Deploy.0 = Release|ARM
		{54D0228E-01FD-4D19-9678-A6DDFF52E8C5}.Release|iPhone.ActiveCfg = Release|x86
		{54D0228E-01FD-4D19-9678-A6DDFF52E8C5}.Release|iPhoneSimulator.ActiveCfg = Release|x86
		{54D0228E-01FD-4D19-9678-A6DDFF52E8C5}.Release|x64.ActiveCfg = Release|x64
		{54D0228E-01FD-4D19-9678-A6DDFF52E8C5}.Release|x64.Build.0 = Release|x64
		{54D0228E-01FD-4D19-9678-A6DDFF52E8C5}.Release|x64.Deploy.0 = Release|x64
		{54D0228E-01FD-4D19-9678-A6DDFF52E8C5}.Release|x86.ActiveCfg = Release|x86
		{54D0228E-01FD-4D19-9678-A6DDFF52E8C5}.Release|x86.Build.0 = Release|x86
		{54D0228E-01FD-4D19-9678-A6DDFF52E8C5}.Release|x86.Deploy.0 = Release|x86
		{463D46D3-DCB7-47DF-9B0F-15442803241F}.Ad-Hoc|Any CPU.ActiveCfg = Release|Any CPU
		{463D46D3-DCB7-47DF-9B0F-15442803241F}.Ad-Hoc|Any CPU.Build.0 = Release|Any CPU
		{463D46D3-DCB7-47DF-9B0F-15442803241F}.Ad-Hoc|Any CPU.Deploy.0 = Release|Any CPU
		{463D46D3-DCB7-47DF-9B0F-15442803241F}.Ad-Hoc|ARM.ActiveCfg = Release|ARM
		{463D46D3-DCB7-47DF-9B0F-15442803241F}.Ad-Hoc|ARM.Build.0 = Release|ARM
		{463D46D3-DCB7-47DF-9B0F-15442803241F}.Ad-Hoc|ARM.Deploy.0 = Release|ARM
		{463D46D3-DCB7-47DF-9B0F-15442803241F}.Ad-Hoc|iPhone.ActiveCfg = Release|Any CPU
		{463D46D3-DCB7-47DF-9B0F-15442803241F}.Ad-Hoc|iPhone.Build.0 = Release|Any CPU
		{463D46D3-DCB7-47DF-9B0F-15442803241F}.Ad-Hoc|iPhone.Deploy.0 = Release|Any CPU
		{463D46D3-DCB7-47DF-9B0F-15442803241F}.Ad-Hoc|iPhoneSimulator.ActiveCfg = Release|Any CPU
		{463D46D3-DCB7-47DF-9B0F-15442803241F}.Ad-Hoc|iPhoneSimulator.Build.0 = Release|Any CPU
		{463D46D3-DCB7-47DF-9B0F-15442803241F}.Ad-Hoc|iPhoneSimulator.Deploy.0 = Release|Any CPU
		{463D46D3-DCB7-47DF-9B0F-15442803241F}.Ad-Hoc|x64.ActiveCfg = Release|x64
		{463D46D3-DCB7-47DF-9B0F-15442803241F}.Ad-Hoc|x64.Build.0 = Release|x64
		{463D46D3-DCB7-47DF-9B0F-15442803241F}.Ad-Hoc|x64.Deploy.0 = Release|x64
		{463D46D3-DCB7-47DF-9B0F-15442803241F}.Ad-Hoc|x86.ActiveCfg = Release|x86
		{463D46D3-DCB7-47DF-9B0F-15442803241F}.Ad-Hoc|x86.Build.0 = Release|x86
		{463D46D3-DCB7-47DF-9B0F-15442803241F}.Ad-Hoc|x86.Deploy.0 = Release|x86
		{463D46D3-DCB7-47DF-9B0F-15442803241F}.AppStore|Any CPU.ActiveCfg = Release|Any CPU
		{463D46D3-DCB7-47DF-9B0F-15442803241F}.AppStore|Any CPU.Build.0 = Release|Any CPU
		{463D46D3-DCB7-47DF-9B0F-15442803241F}.AppStore|Any CPU.Deploy.0 = Release|Any CPU
		{463D46D3-DCB7-47DF-9B0F-15442803241F}.AppStore|ARM.ActiveCfg = Release|ARM
		{463D46D3-DCB7-47DF-9B0F-15442803241F}.AppStore|ARM.Build.0 = Release|ARM
		{463D46D3-DCB7-47DF-9B0F-15442803241F}.AppStore|ARM.Deploy.0 = Release|ARM
		{463D46D3-DCB7-47DF-9B0F-15442803241F}.AppStore|iPhone.ActiveCfg = Release|Any CPU
		{463D46D3-DCB7-47DF-9B0F-15442803241F}.AppStore|iPhone.Build.0 = Release|Any CPU
		{463D46D3-DCB7-47DF-9B0F-15442803241F}.AppStore|iPhone.Deploy.0 = Release|Any CPU
		{463D46D3-DCB7-47DF-9B0F-15442803241F}.AppStore|iPhoneSimulator.ActiveCfg = Release|Any CPU
		{463D46D3-DCB7-47DF-9B0F-15442803241F}.AppStore|iPhoneSimulator.Build.0 = Release|Any CPU
		{463D46D3-DCB7-47DF-9B0F-15442803241F}.AppStore|iPhoneSimulator.Deploy.0 = Release|Any CPU
		{463D46D3-DCB7-47DF-9B0F-15442803241F}.AppStore|x64.ActiveCfg = Release|x64
		{463D46D3-DCB7-47DF-9B0F-15442803241F}.AppStore|x64.Build.0 = Release|x64
		{463D46D3-DCB7-47DF-9B0F-15442803241F}.AppStore|x64.Deploy.0 = Release|x64
		{463D46D3-DCB7-47DF-9B0F-15442803241F}.AppStore|x86.ActiveCfg = Release|x86
		{463D46D3-DCB7-47DF-9B0F-15442803241F}.AppStore|x86.Build.0 = Release|x86
		{463D46D3-DCB7-47DF-9B0F-15442803241F}.AppStore|x86.Deploy.0 = Release|x86
		{463D46D3-DCB7-47DF-9B0F-15442803241F}.Debug|Any CPU.ActiveCfg = Debug|Any CPU
		{463D46D3-DCB7-47DF-9B0F-15442803241F}.Debug|Any CPU.Build.0 = Debug|Any CPU
		{463D46D3-DCB7-47DF-9B0F-15442803241F}.Debug|Any CPU.Deploy.0 = Debug|Any CPU
		{463D46D3-DCB7-47DF-9B0F-15442803241F}.Debug|ARM.ActiveCfg = Debug|ARM
		{463D46D3-DCB7-47DF-9B0F-15442803241F}.Debug|ARM.Build.0 = Debug|ARM
		{463D46D3-DCB7-47DF-9B0F-15442803241F}.Debug|ARM.Deploy.0 = Debug|ARM
		{463D46D3-DCB7-47DF-9B0F-15442803241F}.Debug|iPhone.ActiveCfg = Debug|Any CPU
		{463D46D3-DCB7-47DF-9B0F-15442803241F}.Debug|iPhone.Build.0 = Debug|Any CPU
		{463D46D3-DCB7-47DF-9B0F-15442803241F}.Debug|iPhone.Deploy.0 = Debug|Any CPU
		{463D46D3-DCB7-47DF-9B0F-15442803241F}.Debug|iPhoneSimulator.ActiveCfg = Debug|Any CPU
		{463D46D3-DCB7-47DF-9B0F-15442803241F}.Debug|iPhoneSimulator.Build.0 = Debug|Any CPU
		{463D46D3-DCB7-47DF-9B0F-15442803241F}.Debug|iPhoneSimulator.Deploy.0 = Debug|Any CPU
		{463D46D3-DCB7-47DF-9B0F-15442803241F}.Debug|x64.ActiveCfg = Debug|x64
		{463D46D3-DCB7-47DF-9B0F-15442803241F}.Debug|x64.Build.0 = Debug|x64
		{463D46D3-DCB7-47DF-9B0F-15442803241F}.Debug|x64.Deploy.0 = Debug|x64
		{463D46D3-DCB7-47DF-9B0F-15442803241F}.Debug|x86.ActiveCfg = Debug|x86
		{463D46D3-DCB7-47DF-9B0F-15442803241F}.Debug|x86.Build.0 = Debug|x86
		{463D46D3-DCB7-47DF-9B0F-15442803241F}.Debug|x86.Deploy.0 = Debug|x86
		{463D46D3-DCB7-47DF-9B0F-15442803241F}.Release|Any CPU.ActiveCfg = Release|Any CPU
		{463D46D3-DCB7-47DF-9B0F-15442803241F}.Release|Any CPU.Build.0 = Release|Any CPU
		{463D46D3-DCB7-47DF-9B0F-15442803241F}.Release|Any CPU.Deploy.0 = Release|Any CPU
		{463D46D3-DCB7-47DF-9B0F-15442803241F}.Release|ARM.ActiveCfg = Release|ARM
		{463D46D3-DCB7-47DF-9B0F-15442803241F}.Release|ARM.Build.0 = Release|ARM
		{463D46D3-DCB7-47DF-9B0F-15442803241F}.Release|ARM.Deploy.0 = Release|ARM
		{463D46D3-DCB7-47DF-9B0F-15442803241F}.Release|iPhone.ActiveCfg = Release|Any CPU
		{463D46D3-DCB7-47DF-9B0F-15442803241F}.Release|iPhone.Build.0 = Release|Any CPU
		{463D46D3-DCB7-47DF-9B0F-15442803241F}.Release|iPhone.Deploy.0 = Release|Any CPU
		{463D46D3-DCB7-47DF-9B0F-15442803241F}.Release|iPhoneSimulator.ActiveCfg = Release|Any CPU
		{463D46D3-DCB7-47DF-9B0F-15442803241F}.Release|iPhoneSimulator.Build.0 = Release|Any CPU
		{463D46D3-DCB7-47DF-9B0F-15442803241F}.Release|iPhoneSimulator.Deploy.0 = Release|Any CPU
		{463D46D3-DCB7-47DF-9B0F-15442803241F}.Release|x64.ActiveCfg = Release|x64
		{463D46D3-DCB7-47DF-9B0F-15442803241F}.Release|x64.Build.0 = Release|x64
		{463D46D3-DCB7-47DF-9B0F-15442803241F}.Release|x64.Deploy.0 = Release|x64
		{463D46D3-DCB7-47DF-9B0F-15442803241F}.Release|x86.ActiveCfg = Release|x86
		{463D46D3-DCB7-47DF-9B0F-15442803241F}.Release|x86.Build.0 = Release|x86
		{463D46D3-DCB7-47DF-9B0F-15442803241F}.Release|x86.Deploy.0 = Release|x86
		{813113E8-363F-46BA-A9EC-C04997E30AB7}.Ad-Hoc|Any CPU.ActiveCfg = Release|Any CPU
		{813113E8-363F-46BA-A9EC-C04997E30AB7}.Ad-Hoc|Any CPU.Build.0 = Release|Any CPU
		{813113E8-363F-46BA-A9EC-C04997E30AB7}.Ad-Hoc|ARM.ActiveCfg = Release|Any CPU
		{813113E8-363F-46BA-A9EC-C04997E30AB7}.Ad-Hoc|ARM.Build.0 = Release|Any CPU
		{813113E8-363F-46BA-A9EC-C04997E30AB7}.Ad-Hoc|iPhone.ActiveCfg = Release|Any CPU
		{813113E8-363F-46BA-A9EC-C04997E30AB7}.Ad-Hoc|iPhone.Build.0 = Release|Any CPU
		{813113E8-363F-46BA-A9EC-C04997E30AB7}.Ad-Hoc|iPhoneSimulator.ActiveCfg = Release|Any CPU
		{813113E8-363F-46BA-A9EC-C04997E30AB7}.Ad-Hoc|iPhoneSimulator.Build.0 = Release|Any CPU
		{813113E8-363F-46BA-A9EC-C04997E30AB7}.Ad-Hoc|x64.ActiveCfg = Release|Any CPU
		{813113E8-363F-46BA-A9EC-C04997E30AB7}.Ad-Hoc|x64.Build.0 = Release|Any CPU
		{813113E8-363F-46BA-A9EC-C04997E30AB7}.Ad-Hoc|x86.ActiveCfg = Release|Any CPU
		{813113E8-363F-46BA-A9EC-C04997E30AB7}.Ad-Hoc|x86.Build.0 = Release|Any CPU
		{813113E8-363F-46BA-A9EC-C04997E30AB7}.AppStore|Any CPU.ActiveCfg = Release|Any CPU
		{813113E8-363F-46BA-A9EC-C04997E30AB7}.AppStore|Any CPU.Build.0 = Release|Any CPU
		{813113E8-363F-46BA-A9EC-C04997E30AB7}.AppStore|ARM.ActiveCfg = Release|Any CPU
		{813113E8-363F-46BA-A9EC-C04997E30AB7}.AppStore|ARM.Build.0 = Release|Any CPU
		{813113E8-363F-46BA-A9EC-C04997E30AB7}.AppStore|iPhone.ActiveCfg = Release|Any CPU
		{813113E8-363F-46BA-A9EC-C04997E30AB7}.AppStore|iPhone.Build.0 = Release|Any CPU
		{813113E8-363F-46BA-A9EC-C04997E30AB7}.AppStore|iPhoneSimulator.ActiveCfg = Release|Any CPU
		{813113E8-363F-46BA-A9EC-C04997E30AB7}.AppStore|iPhoneSimulator.Build.0 = Release|Any CPU
		{813113E8-363F-46BA-A9EC-C04997E30AB7}.AppStore|x64.ActiveCfg = Release|Any CPU
		{813113E8-363F-46BA-A9EC-C04997E30AB7}.AppStore|x64.Build.0 = Release|Any CPU
		{813113E8-363F-46BA-A9EC-C04997E30AB7}.AppStore|x86.ActiveCfg = Release|Any CPU
		{813113E8-363F-46BA-A9EC-C04997E30AB7}.AppStore|x86.Build.0 = Release|Any CPU
		{813113E8-363F-46BA-A9EC-C04997E30AB7}.Debug|Any CPU.ActiveCfg = Debug|Any CPU
		{813113E8-363F-46BA-A9EC-C04997E30AB7}.Debug|Any CPU.Build.0 = Debug|Any CPU
		{813113E8-363F-46BA-A9EC-C04997E30AB7}.Debug|ARM.ActiveCfg = Debug|Any CPU
		{813113E8-363F-46BA-A9EC-C04997E30AB7}.Debug|ARM.Build.0 = Debug|Any CPU
		{813113E8-363F-46BA-A9EC-C04997E30AB7}.Debug|iPhone.ActiveCfg = Debug|Any CPU
		{813113E8-363F-46BA-A9EC-C04997E30AB7}.Debug|iPhone.Build.0 = Debug|Any CPU
		{813113E8-363F-46BA-A9EC-C04997E30AB7}.Debug|iPhoneSimulator.ActiveCfg = Debug|Any CPU
		{813113E8-363F-46BA-A9EC-C04997E30AB7}.Debug|iPhoneSimulator.Build.0 = Debug|Any CPU
		{813113E8-363F-46BA-A9EC-C04997E30AB7}.Debug|x64.ActiveCfg = Debug|Any CPU
		{813113E8-363F-46BA-A9EC-C04997E30AB7}.Debug|x64.Build.0 = Debug|Any CPU
		{813113E8-363F-46BA-A9EC-C04997E30AB7}.Debug|x86.ActiveCfg = Debug|Any CPU
		{813113E8-363F-46BA-A9EC-C04997E30AB7}.Debug|x86.Build.0 = Debug|Any CPU
		{813113E8-363F-46BA-A9EC-C04997E30AB7}.Release|Any CPU.ActiveCfg = Release|Any CPU
		{813113E8-363F-46BA-A9EC-C04997E30AB7}.Release|Any CPU.Build.0 = Release|Any CPU
		{813113E8-363F-46BA-A9EC-C04997E30AB7}.Release|ARM.ActiveCfg = Release|Any CPU
		{813113E8-363F-46BA-A9EC-C04997E30AB7}.Release|ARM.Build.0 = Release|Any CPU
		{813113E8-363F-46BA-A9EC-C04997E30AB7}.Release|iPhone.ActiveCfg = Release|Any CPU
		{813113E8-363F-46BA-A9EC-C04997E30AB7}.Release|iPhone.Build.0 = Release|Any CPU
		{813113E8-363F-46BA-A9EC-C04997E30AB7}.Release|iPhoneSimulator.ActiveCfg = Release|Any CPU
		{813113E8-363F-46BA-A9EC-C04997E30AB7}.Release|iPhoneSimulator.Build.0 = Release|Any CPU
		{813113E8-363F-46BA-A9EC-C04997E30AB7}.Release|x64.ActiveCfg = Release|Any CPU
		{813113E8-363F-46BA-A9EC-C04997E30AB7}.Release|x64.Build.0 = Release|Any CPU
		{813113E8-363F-46BA-A9EC-C04997E30AB7}.Release|x86.ActiveCfg = Release|Any CPU
		{813113E8-363F-46BA-A9EC-C04997E30AB7}.Release|x86.Build.0 = Release|Any CPU
	EndGlobalSection
	GlobalSection(SolutionProperties) = preSolution
		HideSolutionNode = FALSE
	EndGlobalSection
EndGlobal
